
Microsoft Visual Studio Solution File, Format Version 12.00
# Visual Studio 15
VisualStudioVersion = 15.0.28307.168
MinimumVisualStudioVersion = 10.0.40219.1
Project("{8BC9CEB8-8B4A-11D0-8D11-00A0C91BC942}") = "steinsgatetextractor", "steinsgatetextractor\steinsgatetextractor.vcxproj", "{DAE4F139-83E4-428E-BD97-2BEC10800292}"
EndProject
Project("{8BC9CEB8-8B4A-11D0-8D11-00A0C91BC942}") = "mpkextract", "mpkextract\mpkextract.vcxproj", "{6547BFAB-8A06-4AAF-9E09-2250F699F091}"
EndProject
Global
	GlobalSection(SolutionConfigurationPlatforms) = preSolution
		Debug|x64 = Debug|x64
		Debug|x86 = Debug|x86
		Release|x64 = Release|x64
		Release|x86 = Release|x86
	EndGlobalSection
	GlobalSection(ProjectConfigurationPlatforms) = postSolution
		{DAE4F139-83E4-428E-BD97-2BEC10800292}.Debug|x64.ActiveCfg = Debug|x64
		{DAE4F139-83E4-428E-BD97-2BEC10800292}.Debug|x64.Build.0 = Debug|x64
		{DAE4F139-83E4-428E-BD97-2BEC10800292}.Debug|x86.ActiveCfg = Debug|Win32
		{DAE4F139-83E4-428E-BD97-2BEC10800292}.Debug|x86.Build.0 = Debug|Win32
		{DAE4F139-83E4-428E-BD97-2BEC10800292}.Release|x64.ActiveCfg = Release|x64
		{DAE4F139-83E4-428E-BD97-2BEC10800292}.Release|x64.Build.0 = Release|x64
		{DAE4F139-83E4-428E-BD97-2BEC10800292}.Release|x86.ActiveCfg = Release|Win32
		{DAE4F139-83E4-428E-BD97-2BEC10800292}.Release|x86.Build.0 = Release|Win32
		{6547BFAB-8A06-4AAF-9E09-2250F699F091}.Debug|x64.ActiveCfg = Debug|x64
		{6547BFAB-8A06-4AAF-9E09-2250F699F091}.Debug|x64.Build.0 = Debug|x64
		{6547BFAB-8A06-4AAF-9E09-2250F699F091}.Debug|x86.ActiveCfg = Debug|Win32
		{6547BFAB-8A06-4AAF-9E09-2250F699F091}.Debug|x86.Build.0 = Debug|Win32
		{6547BFAB-8A06-4AAF-9E09-2250F699F091}.Release|x64.ActiveCfg = Release|x64
		{6547BFAB-8A06-4AAF-9E09-2250F699F091}.Release|x64.Build.0 = Release|x64
		{6547BFAB-8A06-4AAF-9E09-2250F699F091}.Release|x86.ActiveCfg = Release|Win32
		{6547BFAB-8A06-4AAF-9E09-2250F699F091}.Release|x86.Build.0 = Release|Win32
	EndGlobalSection
	GlobalSection(SolutionProperties) = preSolution
		HideSolutionNode = FALSE
	EndGlobalSection
	GlobalSection(ExtensibilityGlobals) = postSolution
		SolutionGuid = {594F0523-99DF-4099-A17B-894E5AB0F28E}
	EndGlobalSection
EndGlobal
